
Microsoft Visual Studio Solution File, Format Version 12.00
# Visual Studio 14
VisualStudioVersion = 14.0.25420.1
MinimumVisualStudioVersion = 10.0.40219.1
Project("{FAE04EC0-301F-11D3-BF4B-00C04F79EFBC}") = "GameDataTool", "GameDataTool\GameDataTool.csproj", "{E46C291A-1B25-4127-946A-4E0425E0B320}"
EndProject
Project("{FAE04EC0-301F-11D3-BF4B-00C04F79EFBC}") = "GameDataCheck", "GameDataCheck\GameDataCheck.csproj", "{7BA96655-468A-45F5-AE46-7F62E706BBF3}"
EndProject
Project("{FAE04EC0-301F-11D3-BF4B-00C04F79EFBC}") = "GameDataCheckBinary", "GameDataCheckBinary\GameDataCheckBinary.csproj", "{F0AEECD9-ED0F-4A08-AB3F-CB24BFA3739C}"
EndProject
Project("{FAE04EC0-301F-11D3-BF4B-00C04F79EFBC}") = "ResourceCache", "ResourceCache\ResourceCache.csproj", "{E356133D-6B97-4CD4-A306-B79E84D4D68B}"
EndProject
Project("{FAE04EC0-301F-11D3-BF4B-00C04F79EFBC}") = "CommonUtils", "CommonUtils\CommonUtils.csproj", "{D8C44D02-ECAF-462B-8196-23B062D8C9B8}"
EndProject
Global
	GlobalSection(SolutionConfigurationPlatforms) = preSolution
		Debug|Any CPU = Debug|Any CPU
		Release|Any CPU = Release|Any CPU
	EndGlobalSection
	GlobalSection(ProjectConfigurationPlatforms) = postSolution
		{E46C291A-1B25-4127-946A-4E0425E0B320}.Debug|Any CPU.ActiveCfg = Debug|Any CPU
		{E46C291A-1B25-4127-946A-4E0425E0B320}.Debug|Any CPU.Build.0 = Debug|Any CPU
		{E46C291A-1B25-4127-946A-4E0425E0B320}.Release|Any CPU.ActiveCfg = Release|Any CPU
		{E46C291A-1B25-4127-946A-4E0425E0B320}.Release|Any CPU.Build.0 = Release|Any CPU
		{7BA96655-468A-45F5-AE46-7F62E706BBF3}.Debug|Any CPU.ActiveCfg = Debug|Any CPU
		{7BA96655-468A-45F5-AE46-7F62E706BBF3}.Debug|Any CPU.Build.0 = Debug|Any CPU
		{7BA96655-468A-45F5-AE46-7F62E706BBF3}.Release|Any CPU.ActiveCfg = Release|Any CPU
		{7BA96655-468A-45F5-AE46-7F62E706BBF3}.Release|Any CPU.Build.0 = Release|Any CPU
		{F0AEECD9-ED0F-4A08-AB3F-CB24BFA3739C}.Debug|Any CPU.ActiveCfg = Debug|Any CPU
		{F0AEECD9-ED0F-4A08-AB3F-CB24BFA3739C}.Debug|Any CPU.Build.0 = Debug|Any CPU
		{F0AEECD9-ED0F-4A08-AB3F-CB24BFA3739C}.Release|Any CPU.ActiveCfg = Release|Any CPU
		{F0AEECD9-ED0F-4A08-AB3F-CB24BFA3739C}.Release|Any CPU.Build.0 = Release|Any CPU
		{E356133D-6B97-4CD4-A306-B79E84D4D68B}.Debug|Any CPU.ActiveCfg = Debug|Any CPU
		{E356133D-6B97-4CD4-A306-B79E84D4D68B}.Debug|Any CPU.Build.0 = Debug|Any CPU
		{E356133D-6B97-4CD4-A306-B79E84D4D68B}.Release|Any CPU.ActiveCfg = Release|Any CPU
		{E356133D-6B97-4CD4-A306-B79E84D4D68B}.Release|Any CPU.Build.0 = Release|Any CPU
		{D8C44D02-ECAF-462B-8196-23B062D8C9B8}.Debug|Any CPU.ActiveCfg = Debug|Any CPU
		{D8C44D02-ECAF-462B-8196-23B062D8C9B8}.Debug|Any CPU.Build.0 = Debug|Any CPU
		{D8C44D02-ECAF-462B-8196-23B062D8C9B8}.Release|Any CPU.ActiveCfg = Release|Any CPU
		{D8C44D02-ECAF-462B-8196-23B062D8C9B8}.Release|Any CPU.Build.0 = Release|Any CPU
	EndGlobalSection
	GlobalSection(SolutionProperties) = preSolution
		HideSolutionNode = FALSE
	EndGlobalSection
EndGlobal
